
Microsoft Visual Studio Solution File, Format Version 12.00
# Visual Studio Version 17
VisualStudioVersion = 17.12.35527.113 d17.12
MinimumVisualStudioVersion = 10.0.40219.1
Project("{FAE04EC0-301F-11D3-BF4B-00C04F79EFBC}") = "EBookShop", "EBookShop\EBookShop.csproj", "{4831F098-477B-48FE-8AC2-1CBF87F92DFD}"
EndProject
Project("{FAE04EC0-301F-11D3-BF4B-00C04F79EFBC}") = "EBookShop.DataAccess", "EBookShop.DataAccess\EBookShop.DataAccess.csproj", "{7902316B-6448-40C4-99C2-F4C706D1F8ED}"
EndProject
Project("{FAE04EC0-301F-11D3-BF4B-00C04F79EFBC}") = "EBookShop.Models", "EBookShop.Models\EBookShop.Models.csproj", "{E0A1F6FA-4181-4DC5-B765-2AB5D2B33E87}"
EndProject
Global
	GlobalSection(SolutionConfigurationPlatforms) = preSolution
		Debug|Any CPU = Debug|Any CPU
		Release|Any CPU = Release|Any CPU
	EndGlobalSection
	GlobalSection(ProjectConfigurationPlatforms) = postSolution
		{4831F098-477B-48FE-8AC2-1CBF87F92DFD}.Debug|Any CPU.ActiveCfg = Debug|Any CPU
		{4831F098-477B-48FE-8AC2-1CBF87F92DFD}.Debug|Any CPU.Build.0 = Debug|Any CPU
		{4831F098-477B-48FE-8AC2-1CBF87F92DFD}.Release|Any CPU.ActiveCfg = Release|Any CPU
		{4831F098-477B-48FE-8AC2-1CBF87F92DFD}.Release|Any CPU.Build.0 = Release|Any CPU
		{7902316B-6448-40C4-99C2-F4C706D1F8ED}.Debug|Any CPU.ActiveCfg = Debug|Any CPU
		{7902316B-6448-40C4-99C2-F4C706D1F8ED}.Debug|Any CPU.Build.0 = Debug|Any CPU
		{7902316B-6448-40C4-99C2-F4C706D1F8ED}.Release|Any CPU.ActiveCfg = Release|Any CPU
		{7902316B-6448-40C4-99C2-F4C706D1F8ED}.Release|Any CPU.Build.0 = Release|Any CPU
		{E0A1F6FA-4181-4DC5-B765-2AB5D2B33E87}.Debug|Any CPU.ActiveCfg = Debug|Any CPU
		{E0A1F6FA-4181-4DC5-B765-2AB5D2B33E87}.Debug|Any CPU.Build.0 = Debug|Any CPU
		{E0A1F6FA-4181-4DC5-B765-2AB5D2B33E87}.Release|Any CPU.ActiveCfg = Release|Any CPU
		{E0A1F6FA-4181-4DC5-B765-2AB5D2B33E87}.Release|Any CPU.Build.0 = Release|Any CPU
	EndGlobalSection
	GlobalSection(SolutionProperties) = preSolution
		HideSolutionNode = FALSE
	EndGlobalSection
EndGlobal
